Microsoft Visual Studio Solution File, Format Version 12.00
# Visual Studio 14
Project("{8BC9CEB8-8B4A-11D0-8D11-00A0C91BC942}") = "ALL_BUILD", "ALL_BUILD.vcxproj", "{D4FC7A5A-5217-3C03-A83A-6B129DA01F3A}"
	ProjectSection(ProjectDependencies) = postProject
		{E24D10B7-4781-3EEA-B0E0-2B7BABBC6B77} = {E24D10B7-4781-3EEA-B0E0-2B7BABBC6B77}
		{54567CF5-4EBB-3D43-8D00-BE45CC4EC04B} = {54567CF5-4EBB-3D43-8D00-BE45CC4EC04B}
	EndProjectSection
EndProject
Project("{8BC9CEB8-8B4A-11D0-8D11-00A0C91BC942}") = "RoRConfig", "RoRConfig.vcxproj", "{E24D10B7-4781-3EEA-B0E0-2B7BABBC6B77}"
	ProjectSection(ProjectDependencies) = postProject
		{54567CF5-4EBB-3D43-8D00-BE45CC4EC04B} = {54567CF5-4EBB-3D43-8D00-BE45CC4EC04B}
		{8EF4DC6B-75E8-3893-89AE-8CB35C59E04F} = {8EF4DC6B-75E8-3893-89AE-8CB35C59E04F}
	EndProjectSection
EndProject
Project("{8BC9CEB8-8B4A-11D0-8D11-00A0C91BC942}") = "ZERO_CHECK", "..\..\\ZERO_CHECK.vcxproj", "{54567CF5-4EBB-3D43-8D00-BE45CC4EC04B}"
	ProjectSection(ProjectDependencies) = postProject
	EndProjectSection
EndProject
Project("{8BC9CEB8-8B4A-11D0-8D11-00A0C91BC942}") = "generate_version", "..\version_info\generate_version.vcxproj", "{6A022046-DE3C-3108-911A-68077870DE6E}"
	ProjectSection(ProjectDependencies) = postProject
		{54567CF5-4EBB-3D43-8D00-BE45CC4EC04B} = {54567CF5-4EBB-3D43-8D00-BE45CC4EC04B}
	EndProjectSection
EndProject
Project("{8BC9CEB8-8B4A-11D0-8D11-00A0C91BC942}") = "version_info", "..\version_info\version_info.vcxproj", "{8EF4DC6B-75E8-3893-89AE-8CB35C59E04F}"
	ProjectSection(ProjectDependencies) = postProject
		{54567CF5-4EBB-3D43-8D00-BE45CC4EC04B} = {54567CF5-4EBB-3D43-8D00-BE45CC4EC04B}
		{6A022046-DE3C-3108-911A-68077870DE6E} = {6A022046-DE3C-3108-911A-68077870DE6E}
	EndProjectSection
EndProject
Global
	GlobalSection(SolutionConfigurationPlatforms) = preSolution
		RelWithDebInfo|Win32 = RelWithDebInfo|Win32
		Release|Win32 = Release|Win32
	EndGlobalSection
	GlobalSection(ProjectConfigurationPlatforms) = postSolution
		{D4FC7A5A-5217-3C03-A83A-6B129DA01F3A}.RelWithDebInfo|Win32.ActiveCfg = RelWithDebInfo|Win32
		{D4FC7A5A-5217-3C03-A83A-6B129DA01F3A}.Release|Win32.ActiveCfg = Release|Win32
		{E24D10B7-4781-3EEA-B0E0-2B7BABBC6B77}.RelWithDebInfo|Win32.ActiveCfg = RelWithDebInfo|Win32
		{E24D10B7-4781-3EEA-B0E0-2B7BABBC6B77}.RelWithDebInfo|Win32.Build.0 = RelWithDebInfo|Win32
		{E24D10B7-4781-3EEA-B0E0-2B7BABBC6B77}.Release|Win32.ActiveCfg = Release|Win32
		{E24D10B7-4781-3EEA-B0E0-2B7BABBC6B77}.Release|Win32.Build.0 = Release|Win32
		{54567CF5-4EBB-3D43-8D00-BE45CC4EC04B}.RelWithDebInfo|Win32.ActiveCfg = RelWithDebInfo|Win32
		{54567CF5-4EBB-3D43-8D00-BE45CC4EC04B}.RelWithDebInfo|Win32.Build.0 = RelWithDebInfo|Win32
		{54567CF5-4EBB-3D43-8D00-BE45CC4EC04B}.Release|Win32.ActiveCfg = Release|Win32
		{54567CF5-4EBB-3D43-8D00-BE45CC4EC04B}.Release|Win32.Build.0 = Release|Win32
		{6A022046-DE3C-3108-911A-68077870DE6E}.RelWithDebInfo|Win32.ActiveCfg = RelWithDebInfo|Win32
		{6A022046-DE3C-3108-911A-68077870DE6E}.RelWithDebInfo|Win32.Build.0 = RelWithDebInfo|Win32
		{6A022046-DE3C-3108-911A-68077870DE6E}.Release|Win32.ActiveCfg = Release|Win32
		{6A022046-DE3C-3108-911A-68077870DE6E}.Release|Win32.Build.0 = Release|Win32
		{8EF4DC6B-75E8-3893-89AE-8CB35C59E04F}.RelWithDebInfo|Win32.ActiveCfg = RelWithDebInfo|Win32
		{8EF4DC6B-75E8-3893-89AE-8CB35C59E04F}.RelWithDebInfo|Win32.Build.0 = RelWithDebInfo|Win32
		{8EF4DC6B-75E8-3893-89AE-8CB35C59E04F}.Release|Win32.ActiveCfg = Release|Win32
		{8EF4DC6B-75E8-3893-89AE-8CB35C59E04F}.Release|Win32.Build.0 = Release|Win32
	EndGlobalSection
	GlobalSection(ExtensibilityGlobals) = postSolution
	EndGlobalSection
	GlobalSection(ExtensibilityAddIns) = postSolution
	EndGlobalSection
EndGlobal
