<?xml version="1.0" encoding="UTF-8"?>
<Project ToolsVersion="14.0" xmlns="http://schemas.microsoft.com/developer/msbuild/2003">
  <ItemGroup>
    <ClCompile Include="C:\Source\rigs-of-rods-elsaco\source\configurator\Configurator.cpp">
      <Filter>Source Files</Filter>
    </ClCompile>
    <ClCompile Include="C:\Source\rigs-of-rods-elsaco\source\configurator\SystemTools.cpp">
      <Filter>Source Files</Filter>
    </ClCompile>
    <ClCompile Include="C:\Source\rigs-of-rods-elsaco\source\configurator\conf_file.cpp">
      <Filter>Source Files</Filter>
    </ClCompile>
    <ClCompile Include="C:\Source\rigs-of-rods-elsaco\source\configurator\statpict.cpp">
      <Filter>Source Files</Filter>
    </ClCompile>
    <ClCompile Include="C:\Source\rigs-of-rods-elsaco\source\main\utils\SHA1.cpp">
      <Filter>Source Files</Filter>
    </ClCompile>
    <ClCompile Include="C:\Source\rigs-of-rods-elsaco\source\main\utils\ErrorUtils.cpp">
      <Filter>Source Files</Filter>
    </ClCompile>
  </ItemGroup>
  <ItemGroup>
    <ClInclude Include="C:\Source\rigs-of-rods-elsaco\source\configurator\RoRConfig.h">
      <Filter>Header Files</Filter>
    </ClInclude>
    <ClInclude Include="C:\Source\rigs-of-rods-elsaco\source\configurator\conf_file.h">
      <Filter>Header Files</Filter>
    </ClInclude>
    <ClInclude Include="C:\Source\rigs-of-rods-elsaco\source\configurator\ocl_bwtest.h">
      <Filter>Header Files</Filter>
    </ClInclude>
    <ClInclude Include="C:\Source\rigs-of-rods-elsaco\source\configurator\resource.h">
      <Filter>Header Files</Filter>
    </ClInclude>
    <ClInclude Include="C:\Source\rigs-of-rods-elsaco\source\configurator\statpict.h">
      <Filter>Header Files</Filter>
    </ClInclude>
    <ClInclude Include="C:\Source\rigs-of-rods-elsaco\source\configurator\wxValueChoice.h">
      <Filter>Header Files</Filter>
    </ClInclude>
    <ClInclude Include="C:\Source\rigs-of-rods-elsaco\source\configurator\wxutils.h">
      <Filter>Header Files</Filter>
    </ClInclude>
  </ItemGroup>
  <ItemGroup>
    <CustomBuild Include="C:\Source\rigs-of-rods-elsaco\source\configurator\CMakeLists.txt" />
  </ItemGroup>
  <ItemGroup>
    <ResourceCompile Include="C:\Source\rigs-of-rods-elsaco\source\configurator\icon.rc">
      <Filter>Source Files</Filter>
    </ResourceCompile>
  </ItemGroup>
  <ItemGroup>
    <Filter Include="Source Files">
      <UniqueIdentifier>{877ACA96-E665-3250-A7FE-FDF8DF1AECAA}</UniqueIdentifier>
    </Filter>
    <Filter Include="Header Files">
      <UniqueIdentifier>{F6C5AE62-1D64-3118-B122-30A596A8F2AB}</UniqueIdentifier>
    </Filter>
  </ItemGroup>
</Project>
