<?xml version="1.0" encoding="UTF-8"?>
<Project ToolsVersion="14.0" xmlns="http://schemas.microsoft.com/developer/msbuild/2003">
  <ItemGroup>
    <ClCompile Include="C:\Source\rigs-of-rods-elsaco\source\angelscript_addons\autowrapper\generator\generateheader.cpp">
      <Filter>Source Files</Filter>
    </ClCompile>
    <ClCompile Include="C:\Source\rigs-of-rods-elsaco\source\angelscript_addons\contextmgr\contextmgr.cpp">
      <Filter>Source Files</Filter>
    </ClCompile>
    <ClCompile Include="C:\Source\rigs-of-rods-elsaco\source\angelscript_addons\debugger\debugger.cpp">
      <Filter>Source Files</Filter>
    </ClCompile>
    <ClCompile Include="C:\Source\rigs-of-rods-elsaco\source\angelscript_addons\scriptany\scriptany.cpp">
      <Filter>Source Files</Filter>
    </ClCompile>
    <ClCompile Include="C:\Source\rigs-of-rods-elsaco\source\angelscript_addons\scriptarray\scriptarray.cpp">
      <Filter>Source Files</Filter>
    </ClCompile>
    <ClCompile Include="C:\Source\rigs-of-rods-elsaco\source\angelscript_addons\scriptbuilder\scriptbuilder.cpp">
      <Filter>Source Files</Filter>
    </ClCompile>
    <ClCompile Include="C:\Source\rigs-of-rods-elsaco\source\angelscript_addons\scriptdictionary\scriptdictionary.cpp">
      <Filter>Source Files</Filter>
    </ClCompile>
    <ClCompile Include="C:\Source\rigs-of-rods-elsaco\source\angelscript_addons\scriptfile\scriptfile.cpp">
      <Filter>Source Files</Filter>
    </ClCompile>
    <ClCompile Include="C:\Source\rigs-of-rods-elsaco\source\angelscript_addons\scripthandle\scripthandle.cpp">
      <Filter>Source Files</Filter>
    </ClCompile>
    <ClCompile Include="C:\Source\rigs-of-rods-elsaco\source\angelscript_addons\scripthelper\scripthelper.cpp">
      <Filter>Source Files</Filter>
    </ClCompile>
    <ClCompile Include="C:\Source\rigs-of-rods-elsaco\source\angelscript_addons\scriptmath\scriptmath.cpp">
      <Filter>Source Files</Filter>
    </ClCompile>
    <ClCompile Include="C:\Source\rigs-of-rods-elsaco\source\angelscript_addons\scriptmath\scriptmathcomplex.cpp">
      <Filter>Source Files</Filter>
    </ClCompile>
    <ClCompile Include="C:\Source\rigs-of-rods-elsaco\source\angelscript_addons\scriptmath3d\scriptmath3d.cpp">
      <Filter>Source Files</Filter>
    </ClCompile>
    <ClCompile Include="C:\Source\rigs-of-rods-elsaco\source\angelscript_addons\scriptstdstring\scriptstdstring.cpp">
      <Filter>Source Files</Filter>
    </ClCompile>
    <ClCompile Include="C:\Source\rigs-of-rods-elsaco\source\angelscript_addons\scriptstdstring\scriptstdstring_utils.cpp">
      <Filter>Source Files</Filter>
    </ClCompile>
    <ClCompile Include="C:\Source\rigs-of-rods-elsaco\source\angelscript_addons\scriptstring\scriptstring.cpp">
      <Filter>Source Files</Filter>
    </ClCompile>
    <ClCompile Include="C:\Source\rigs-of-rods-elsaco\source\angelscript_addons\scriptstring\scriptstring_utils.cpp">
      <Filter>Source Files</Filter>
    </ClCompile>
    <ClCompile Include="C:\Source\rigs-of-rods-elsaco\source\angelscript_addons\serializer\serializer.cpp">
      <Filter>Source Files</Filter>
    </ClCompile>
  </ItemGroup>
  <ItemGroup>
    <CustomBuild Include="C:\Source\rigs-of-rods-elsaco\source\angelscript_addons\CMakeLists.txt" />
  </ItemGroup>
  <ItemGroup>
    <Filter Include="Source Files">
      <UniqueIdentifier>{877ACA96-E665-3250-A7FE-FDF8DF1AECAA}</UniqueIdentifier>
    </Filter>
  </ItemGroup>
</Project>
