<?xml version="1.0" encoding="utf-8"?>
<Project ToolsVersion="14.0" xmlns="http://schemas.microsoft.com/developer/msbuild/2003">
  <ItemGroup>
    <ClCompile Include="..\..\..\source\main\main.cpp" />
    <ClCompile Include="..\..\..\source\main\Application.cpp" />
    <ClCompile Include="..\..\..\source\main\MainMenu.cpp" />
    <ClCompile Include="..\..\..\source\main\gameplay\ChatSystem.cpp" />
    <ClCompile Include="..\..\..\source\main\gameplay\Landusemap.cpp" />
    <ClCompile Include="..\..\..\source\main\gameplay\OutProtocol.cpp" />
    <ClCompile Include="..\..\..\source\main\gameplay\Replay.cpp" />
    <ClCompile Include="..\..\..\source\main\gameplay\RoRFrameListener.cpp" />
    <ClCompile Include="..\..\..\source\main\gameplay\SceneMouse.cpp" />
    <ClCompile Include="..\..\..\source\main\gfx\MovableText.cpp" />
    <ClCompile Include="..\..\..\source\main\gfx\OgreSubsystem.cpp" />
    <ClCompile Include="..\..\..\source\main\gfx\dof\Lens.cpp" />
    <ClCompile Include="..\..\..\source\main\gfx\hydrax\Hydrax.cpp" />
    <ClCompile Include="..\..\..\source\main\gfx\hydrax\Image.cpp" />
    <ClCompile Include="..\..\..\source\main\gfx\hydrax\Noise.cpp" />
    <ClCompile Include="..\..\..\source\main\gfx\hydrax\Perlin.cpp" />
    <ClCompile Include="..\..\..\source\main\gfx\hydrax\Prerequisites.cpp" />
    <ClCompile Include="..\..\..\source\main\gfx\hydrax\PressurePoint.cpp" />
    <ClCompile Include="..\..\..\source\main\gfx\hydrax\Real.cpp" />
    <ClCompile Include="..\..\..\source\main\gfx\hydrax\SimpleGrid.cpp" />
    <ClCompile Include="..\..\..\source\main\gui\OverlayWrapper.cpp" />
    <ClCompile Include="..\..\..\source\main\gui\imgui\OgreImGui.cpp" />
    <ClCompile Include="..\..\..\source\main\physics\RigSpawner.cpp" />
    <ClCompile Include="..\..\..\source\main\physics\RigSpawner_ProcessControl.cpp" />
    <ClCompile Include="..\..\..\source\main\physics\SlideNode.cpp" />
    <ClCompile Include="..\..\..\source\main\physics\air\TurboJet.cpp" />
    <ClCompile Include="..\..\..\source\main\physics\air\TurboProp.cpp" />
    <ClCompile Include="..\..\..\source\main\physics\collision\PointColDetector.cpp" />
    <ClCompile Include="..\..\..\source\main\physics\water\ScrewProp.cpp" />
    <ClCompile Include="..\..\..\source\main\resources\CacheSystem.cpp" />
    <ClCompile Include="..\..\..\source\main\resources\rig_def_fileformat\RigDef_File.cpp" />
    <ClCompile Include="..\..\..\source\main\resources\rig_def_fileformat\RigDef_Node.cpp" />
    <ClCompile Include="..\..\..\source\main\resources\rig_def_fileformat\RigDef_Parser.cpp" />
    <ClCompile Include="..\..\..\source\main\resources\rig_def_fileformat\RigDef_SequentialImporter.cpp" />
    <ClCompile Include="..\..\..\source\main\resources\rig_def_fileformat\RigDef_Serializer.cpp" />
    <ClCompile Include="..\..\..\source\main\resources\rig_def_fileformat\RigDef_Validator.cpp" />
    <ClCompile Include="..\..\..\source\main\resources\terrn2_fileformat\Terrn2Fileformat.cpp" />
    <ClCompile Include="..\..\..\source\main\terrain\TerrainGeometryManager.cpp" />
    <ClCompile Include="..\..\..\source\main\terrain\TerrainManager.cpp" />
    <ClCompile Include="..\..\..\source\main\terrain\TerrainObjectManager.cpp" />
    <ClCompile Include="..\..\..\source\main\terrain\map\SurveyMapEntity.cpp" />
    <ClCompile Include="..\..\..\source\main\terrain\map\SurveyMapManager.cpp" />
    <ClCompile Include="..\..\..\source\main\utils\Language.cpp" />
    <ClCompile Include="..\..\..\source\main\utils\PlatformUtils.cpp" />
    <ClCompile Include="..\..\..\source\main\utils\RoRWindowEventUtilities.cpp" />
    <ClCompile Include="..\..\..\source\main\utils\Settings.cpp" />
    <ClCompile Include="..\..\..\source\main\utils\SHA1.cpp" />
    <ClCompile Include="..\..\..\source\main\utils\Utils.cpp" />
    <ClCompile Include="..\..\..\source\main\utils\WriteTextToTexture.cpp" />
    <ClCompile Include="..\..\..\source\main\utils\profiler\Profiler.cpp" />
    <ClCompile Include="..\..\..\source\main\scripting\CBytecodeStream.cpp" />
    <ClCompile Include="..\..\..\source\main\scripting\GameScript.cpp" />
    <ClCompile Include="..\..\..\source\main\scripting\LocalStorage.cpp" />
    <ClCompile Include="..\..\..\source\main\scripting\OgreAngelscript.cpp" />
    <ClCompile Include="..\..\..\tools\windows\pch\Precompiled.cpp" />
    <ClCompile Include="..\..\..\source\main\utils\Win32DirectInput.cpp">
      <Filter>Lib\OIS</Filter>
    </ClCompile>
    <ClCompile Include="..\..\..\source\main\gameplay\ois\win32\Win32ForceFeedback.cpp">
      <Filter>Lib\OIS</Filter>
    </ClCompile>
    <ClCompile Include="..\..\..\source\main\gameplay\ois\win32\Win32InputManager.cpp">
      <Filter>Lib\OIS</Filter>
    </ClCompile>
    <ClCompile Include="..\..\..\source\main\gameplay\ois\win32\Win32JoyStick.cpp">
      <Filter>Lib\OIS</Filter>
    </ClCompile>
    <ClCompile Include="..\..\..\source\main\gameplay\ois\win32\Win32KeyBoard.cpp">
      <Filter>Lib\OIS</Filter>
    </ClCompile>
    <ClCompile Include="..\..\..\source\main\gameplay\ois\win32\Win32Mouse.cpp">
      <Filter>Lib\OIS</Filter>
    </ClCompile>
    <ClCompile Include="..\..\..\source\main\physics\air\AirBrake.cpp">
      <Filter>Physics</Filter>
    </ClCompile>
    <ClCompile Include="..\..\..\source\main\physics\air\Airfoil.cpp">
      <Filter>Physics</Filter>
    </ClCompile>
    <ClCompile Include="..\..\..\source\main\physics\Beam.cpp">
      <Filter>Physics</Filter>
    </ClCompile>
    <ClCompile Include="..\..\..\source\main\physics\BeamFactory.cpp">
      <Filter>Physics</Filter>
    </ClCompile>
    <ClCompile Include="..\..\..\source\main\physics\BeamForcesEuler.cpp">
      <Filter>Physics</Filter>
    </ClCompile>
    <ClCompile Include="..\..\..\source\main\physics\BeamSlideNode.cpp">
      <Filter>Physics</Filter>
    </ClCompile>
    <ClCompile Include="..\..\..\source\main\physics\utils\BeamStats.cpp">
      <Filter>Physics</Filter>
    </ClCompile>
    <ClCompile Include="..\..\..\source\main\physics\water\Buoyance.cpp">
      <Filter>Physics</Filter>
    </ClCompile>
    <ClCompile Include="..\..\..\source\main\gameplay\ois\OISEffect.cpp">
      <Filter>Lib\OIS</Filter>
    </ClCompile>
    <ClCompile Include="..\..\..\source\main\gameplay\ois\OISException.cpp">
      <Filter>Lib\OIS</Filter>
    </ClCompile>
    <ClCompile Include="..\..\..\source\main\gameplay\ois\OISForceFeedback.cpp">
      <Filter>Lib\OIS</Filter>
    </ClCompile>
    <ClCompile Include="..\..\..\source\main\gameplay\ois\OISInputManager.cpp">
      <Filter>Lib\OIS</Filter>
    </ClCompile>
    <ClCompile Include="..\..\..\source\main\gameplay\ois\OISJoyStick.cpp">
      <Filter>Lib\OIS</Filter>
    </ClCompile>
    <ClCompile Include="..\..\..\source\main\gameplay\ois\OISKeyboard.cpp">
      <Filter>Lib\OIS</Filter>
    </ClCompile>
    <ClCompile Include="..\..\..\source\main\gameplay\ois\OISObject.cpp">
      <Filter>Lib\OIS</Filter>
    </ClCompile>
    <ClCompile Include="..\..\..\source\main\gfx\camera\CameraBehaviorFixed.cpp">
      <Filter>Gfx</Filter>
    </ClCompile>
    <ClCompile Include="..\..\..\source\main\gfx\camera\CameraBehaviorFree.cpp">
      <Filter>Gfx</Filter>
    </ClCompile>
    <ClCompile Include="..\..\..\source\main\gfx\camera\CameraBehaviorCharacter.cpp">
      <Filter>Gfx</Filter>
    </ClCompile>
    <ClCompile Include="..\..\..\source\main\gfx\camera\CameraBehaviorIsometric.cpp">
      <Filter>Gfx</Filter>
    </ClCompile>
    <ClCompile Include="..\..\..\source\main\gfx\camera\CameraBehaviorOrbit.cpp">
      <Filter>Gfx</Filter>
    </ClCompile>
    <ClCompile Include="..\..\..\source\main\gfx\camera\CameraBehaviorStatic.cpp">
      <Filter>Gfx</Filter>
    </ClCompile>
    <ClCompile Include="..\..\..\source\main\gfx\camera\CameraBehaviorVehicle.cpp">
      <Filter>Gfx</Filter>
    </ClCompile>
    <ClCompile Include="..\..\..\source\main\gfx\camera\CameraBehaviorVehicleCineCam.cpp">
      <Filter>Gfx</Filter>
    </ClCompile>
    <ClCompile Include="..\..\..\source\main\gfx\camera\CameraBehaviorVehicleSpline.cpp">
      <Filter>Gfx</Filter>
    </ClCompile>
    <ClCompile Include="..\..\..\source\main\gfx\camera\CameraManager.cpp">
      <Filter>Gfx</Filter>
    </ClCompile>
    <ClCompile Include="..\..\..\source\main\gfx\DecalManager.cpp">
      <Filter>Gfx</Filter>
    </ClCompile>
    <ClCompile Include="..\..\..\source\main\gfx\hydrax\DecalsManager.cpp">
      <Filter>Gfx</Filter>
    </ClCompile>
    <ClCompile Include="..\..\..\source\main\gfx\ColoredTextAreaOverlayElement.cpp">
      <Filter>Gfx</Filter>
    </ClCompile>
    <ClCompile Include="..\..\..\source\main\gfx\dof\DepthOfFieldEffect.cpp">
      <Filter>Gfx</Filter>
    </ClCompile>
    <ClCompile Include="..\..\..\source\main\physics\flex\FlexAirfoil.cpp">
      <Filter>Gfx</Filter>
    </ClCompile>
    <ClCompile Include="..\..\..\source\main\physics\flex\FlexBody.cpp">
      <Filter>Gfx</Filter>
    </ClCompile>
    <ClCompile Include="..\..\..\source\main\physics\flex\FlexFactory.cpp">
      <Filter>Gfx</Filter>
    </ClCompile>
    <ClCompile Include="..\..\..\source\main\physics\flex\FlexMesh.cpp">
      <Filter>Gfx</Filter>
    </ClCompile>
    <ClCompile Include="..\..\..\source\main\physics\flex\FlexMeshWheel.cpp">
      <Filter>Gfx</Filter>
    </ClCompile>
    <ClCompile Include="..\..\..\source\main\physics\flex\FlexObj.cpp">
      <Filter>Gfx</Filter>
    </ClCompile>
    <ClCompile Include="..\..\..\source\main\gui\Dashboard.cpp">
      <Filter>Gfx</Filter>
    </ClCompile>
    <ClCompile Include="..\..\..\source\main\gui\DashBoardManager.cpp">
      <Filter>Gfx</Filter>
    </ClCompile>
    <ClCompile Include="..\..\..\source\main\gfx\DustManager.cpp">
      <Filter>Gfx</Filter>
    </ClCompile>
    <ClCompile Include="..\..\..\source\main\gfx\DustPool.cpp">
      <Filter>Gfx</Filter>
    </ClCompile>
    <ClCompile Include="..\..\..\source\main\gfx\DynamicLines.cpp">
      <Filter>Gfx</Filter>
    </ClCompile>
    <ClCompile Include="..\..\..\source\main\gfx\DynamicRenderable.cpp">
      <Filter>Gfx</Filter>
    </ClCompile>
    <ClCompile Include="..\..\..\source\main\gfx\EnvironmentMap.cpp">
      <Filter>Gfx</Filter>
    </ClCompile>
    <ClCompile Include="..\..\..\source\main\gui\panels\GUI_DebugOptions.cpp">
      <Filter>GUI</Filter>
    </ClCompile>
    <ClCompile Include="..\..\..\source\main\gui\panels\GUI_DebugOptionsLayout.cpp">
      <Filter>GUI</Filter>
    </ClCompile>
    <ClCompile Include="..\..\..\source\main\gui\panels\GUI_FrictionSettings.cpp">
      <Filter>GUI</Filter>
    </ClCompile>
    <ClCompile Include="..\..\..\source\main\gui\panels\GUI_GameAbout.cpp">
      <Filter>GUI</Filter>
    </ClCompile>
    <ClCompile Include="..\..\..\source\main\gui\panels\GUI_GameAboutLayout.cpp">
      <Filter>GUI</Filter>
    </ClCompile>
    <ClCompile Include="..\..\..\source\main\gui\panels\GUI_GameConsole.cpp">
      <Filter>GUI</Filter>
    </ClCompile>
    <ClCompile Include="..\..\..\source\main\gui\panels\GUI_GameConsoleLayout.cpp">
      <Filter>GUI</Filter>
    </ClCompile>
    <ClCompile Include="..\..\..\source\main\gui\panels\GUI_GameChatBox.cpp">
      <Filter>GUI</Filter>
    </ClCompile>
    <ClCompile Include="..\..\..\source\main\gui\panels\GUI_GameChatBoxLayout.cpp">
      <Filter>GUI</Filter>
    </ClCompile>
    <ClCompile Include="..\..\..\source\main\gui\panels\GUI_GameMainMenu.cpp">
      <Filter>GUI</Filter>
    </ClCompile>
    <ClCompile Include="..\..\..\source\main\gui\panels\GUI_GamePauseMenu.cpp">
      <Filter>GUI</Filter>
    </ClCompile>
    <ClCompile Include="..\..\..\source\main\gui\panels\GUI_LoadingWindow.cpp">
      <Filter>GUI</Filter>
    </ClCompile>
    <ClCompile Include="..\..\..\source\main\gui\panels\GUI_MainSelector.cpp">
      <Filter>GUI</Filter>
    </ClCompile>
    <ClCompile Include="..\..\..\source\main\gui\panels\GUI_MainSelectorLayout.cpp">
      <Filter>GUI</Filter>
    </ClCompile>
    <ClCompile Include="..\..\..\source\main\gui\panels\GUI_MessageBox.cpp">
      <Filter>GUI</Filter>
    </ClCompile>
    <ClCompile Include="..\..\..\source\main\gui\panels\GUI_MessageBoxLayout.cpp">
      <Filter>GUI</Filter>
    </ClCompile>
    <ClCompile Include="..\..\..\source\main\gui\panels\GUI_MultiplayerClientList.cpp">
      <Filter>GUI</Filter>
    </ClCompile>
    <ClCompile Include="..\..\..\source\main\gui\panels\GUI_MultiplayerSelector.cpp">
      <Filter>GUI</Filter>
    </ClCompile>
    <ClCompile Include="..\..\..\source\main\gui\panels\GUI_MultiplayerSelectorLayout.cpp">
      <Filter>GUI</Filter>
    </ClCompile>
    <ClCompile Include="..\..\..\source\main\gui\panels\GUI_OpenSaveFileDialog.cpp">
      <Filter>GUI</Filter>
    </ClCompile>
    <ClCompile Include="..\..\..\source\main\gui\panels\GUI_RigSpawnerReportWindow.cpp">
      <Filter>GUI</Filter>
    </ClCompile>
    <ClCompile Include="..\..\..\source\main\gui\panels\GUI_RigSpawnerReportWindowLayout.cpp">
      <Filter>GUI</Filter>
    </ClCompile>
    <ClCompile Include="..\..\..\source\main\gui\panels\GUI_SimUtils.cpp">
      <Filter>GUI</Filter>
    </ClCompile>
    <ClCompile Include="..\..\..\source\main\gui\panels\GUI_SimUtilsLayout.cpp">
      <Filter>GUI</Filter>
    </ClCompile>
    <ClCompile Include="..\..\..\source\main\gui\panels\GUI_TeleportWindow.cpp">
      <Filter>GUI</Filter>
    </ClCompile>
    <ClCompile Include="..\..\..\source\main\gui\panels\GUI_TeleportWindowLayout.cpp">
      <Filter>GUI</Filter>
    </ClCompile>
    <ClCompile Include="..\..\..\source\main\gui\panels\GUI_TextureToolWindow.cpp">
      <Filter>GUI</Filter>
    </ClCompile>
    <ClCompile Include="..\..\..\source\main\gui\panels\GUI_TopMenubar.cpp">
      <Filter>GUI</Filter>
    </ClCompile>
    <ClCompile Include="..\..\..\source\main\gui\panels\GUI_VehicleDescription.cpp">
      <Filter>GUI</Filter>
    </ClCompile>
    <ClCompile Include="..\..\..\source\main\gui\panels\GUI_VehicleDescriptionLayout.cpp">
      <Filter>GUI</Filter>
    </ClCompile>
    <ClCompile Include="..\..\..\source\main\gui\GUIInputManager.cpp">
      <Filter>GUI</Filter>
    </ClCompile>
    <ClCompile Include="..\..\..\source\main\gui\GUIManager.cpp">
      <Filter>GUI</Filter>
    </ClCompile>
    <ClCompile Include="..\..\..\source\main\gui\mygui\Dialog.cpp">
      <Filter>GUI</Filter>
    </ClCompile>
    <ClCompile Include="..\..\..\source\main\utils\InputEngine.cpp">
      <Filter>Input</Filter>
    </ClCompile>
    <ClCompile Include="..\..\..\source\main\gfx\particle\ExtinguishableFireAffector.cpp">
      <Filter>Gfx</Filter>
    </ClCompile>
    <ClCompile Include="..\..\..\source\main\gameplay\BeamEngine.cpp">
      <Filter>Gameplay</Filter>
    </ClCompile>
    <ClCompile Include="..\..\..\source\main\gameplay\AutoPilot.cpp">
      <Filter>Gameplay</Filter>
    </ClCompile>
    <ClCompile Include="..\..\..\source\main\physics\collision\Collisions.cpp">
      <Filter>Physics</Filter>
    </ClCompile>
    <ClCompile Include="..\..\..\source\main\gameplay\AircraftSimulation.cpp">
      <Filter>Gameplay</Filter>
    </ClCompile>
    <ClCompile Include="..\..\..\source\main\gfx\hydrax\GPUNormalMapManager.cpp">
      <Filter>Gfx</Filter>
    </ClCompile>
    <ClCompile Include="..\..\..\source\main\gfx\hydrax\GodRaysManager.cpp">
      <Filter>Gfx</Filter>
    </ClCompile>
    <ClCompile Include="..\..\..\source\main\gfx\GfxActor.cpp">
      <Filter>Gfx</Filter>
    </ClCompile>
    <ClCompile Include="..\..\..\source\main\gfx\particle\FireExtinguisherAffector.cpp">
      <Filter>Gfx</Filter>
    </ClCompile>
    <ClCompile Include="..\..\..\source\main\gfx\hydrax\FFT.cpp">
      <Filter>Gfx</Filter>
    </ClCompile>
    <ClCompile Include="..\..\..\source\main\gfx\Heathaze.cpp">
      <Filter>Gfx</Filter>
    </ClCompile>
    <ClCompile Include="..\..\..\source\main\gfx\HDRListener.cpp">
      <Filter>Gfx</Filter>
    </ClCompile>
    <ClCompile Include="..\..\..\source\main\gfx\HydraxWater.cpp">
      <Filter>Gfx</Filter>
    </ClCompile>
    <ClCompile Include="..\..\..\source\main\gfx\hydrax\MaterialManager.cpp">
      <Filter>Gfx</Filter>
    </ClCompile>
    <ClCompile Include="..\..\..\source\main\gfx\hydrax\Mesh.cpp">
      <Filter>Gfx</Filter>
    </ClCompile>
    <ClCompile Include="..\..\..\source\main\utils\MeshObject.cpp">
      <Filter>Gfx</Filter>
    </ClCompile>
    <ClCompile Include="..\..\..\source\main\terrain\OgreTerrainPSSMMaterialGenerator.cpp">
      <Filter>Gfx</Filter>
    </ClCompile>
    <ClCompile Include="..\..\..\source\main\gfx\particle\OgreShaderParticleRenderer.cpp">
      <Filter>Gfx</Filter>
    </ClCompile>
    <ClCompile Include="..\..\..\source\main\gameplay\ProceduralManager.cpp">
      <Filter>Gfx</Filter>
    </ClCompile>
    <ClCompile Include="..\..\..\source\main\gfx\hydrax\ProjectedGrid.cpp">
      <Filter>Gfx</Filter>
    </ClCompile>
    <ClCompile Include="..\..\..\source\main\gfx\hydrax\RadialGrid.cpp">
      <Filter>Gfx</Filter>
    </ClCompile>
    <ClCompile Include="..\..\..\source\main\gfx\hydrax\RttManager.cpp">
      <Filter>Gfx</Filter>
    </ClCompile>
    <ClCompile Include="..\..\..\source\main\gui\RTTLayer.cpp">
      <Filter>Gfx</Filter>
    </ClCompile>
    <ClCompile Include="..\..\..\source\main\gfx\Skidmark.cpp">
      <Filter>Gfx</Filter>
    </ClCompile>
    <ClCompile Include="..\..\..\source\main\gfx\SkyManager.cpp">
      <Filter>Gfx</Filter>
    </ClCompile>
    <ClCompile Include="..\..\..\source\main\gameplay\SkinManager.cpp">
      <Filter>Gfx</Filter>
    </ClCompile>
    <ClCompile Include="..\..\..\source\main\gfx\ShadowManager.cpp">
      <Filter>Gfx</Filter>
    </ClCompile>
    <ClCompile Include="..\..\..\source\main\terrain\map\SurveyMapTextureCreator.cpp">
      <Filter>Gfx</Filter>
    </ClCompile>
    <ClCompile Include="..\..\..\source\main\gfx\hydrax\TextureManager.cpp">
      <Filter>Gfx</Filter>
    </ClCompile>
    <ClCompile Include="..\..\..\source\main\gfx\Water.cpp">
      <Filter>Gfx</Filter>
    </ClCompile>
    <ClCompile Include="..\..\..\source\main\gfx\hydrax\Wave.cpp">
      <Filter>Gfx</Filter>
    </ClCompile>
    <ClCompile Include="..\..\..\source\main\physics\collision\DynamicCollisions.cpp">
      <Filter>Physics</Filter>
    </ClCompile>
    <ClCompile Include="..\..\..\source\main\physics\Differentials.cpp">
      <Filter>Gameplay</Filter>
    </ClCompile>
    <ClCompile Include="..\..\..\source\main\utils\ForceFeedback.cpp">
      <Filter>MotionSim</Filter>
    </ClCompile>
    <ClCompile Include="..\..\..\source\main\physics\MotionPlatform.cpp">
      <Filter>MotionSim</Filter>
    </ClCompile>
    <ClCompile Include="..\..\..\source\main\gui\NodeGraphTool.cpp">
      <Filter>MotionSim</Filter>
    </ClCompile>
    <ClCompile Include="..\..\..\source\main\utils\CollisionTools.cpp">
      <Filter>Physics</Filter>
    </ClCompile>
    <ClCompile Include="..\..\..\source\main\resources\ContentManager.cpp">
      <Filter>Utility</Filter>
    </ClCompile>
    <ClCompile Include="..\..\..\source\main\physics\CmdKeyInertia.cpp">
      <Filter>Physics</Filter>
    </ClCompile>
    <ClCompile Include="..\..\..\source\main\gfx\hydrax\CfgFileManager.cpp">
      <Filter>Utility</Filter>
    </ClCompile>
    <ClCompile Include="..\..\..\source\main\utils\ConfigFile.cpp">
      <Filter>Utility</Filter>
    </ClCompile>
    <ClCompile Include="..\..\..\source\main\gfx\hydrax\Enums.cpp">
      <Filter>Utility</Filter>
    </ClCompile>
    <ClCompile Include="..\..\..\source\main\utils\ErrorUtils.cpp">
      <Filter>Utility</Filter>
    </ClCompile>
    <ClCompile Include="..\..\..\source\main\gameplay\Character.cpp">
      <Filter>Gameplay</Filter>
    </ClCompile>
    <ClCompile Include="..\..\..\source\main\gameplay\CharacterFactory.cpp">
      <Filter>Gameplay</Filter>
    </ClCompile>
    <ClCompile Include="..\..\..\source\main\gameplay\VehicleAI.cpp">
      <Filter>Gameplay</Filter>
    </ClCompile>
    <ClCompile Include="..\..\..\source\main\gameplay\TorqueCurve.cpp">
      <Filter>Gameplay</Filter>
    </ClCompile>
    <ClCompile Include="..\..\..\source\main\audio\SoundScriptManager.cpp">
      <Filter>Gameplay</Filter>
    </ClCompile>
    <ClCompile Include="..\..\..\source\main\audio\SoundManager.cpp">
      <Filter>Gameplay</Filter>
    </ClCompile>
    <ClCompile Include="..\..\..\source\main\audio\Sound.cpp">
      <Filter>Gameplay</Filter>
    </ClCompile>
    <ClCompile Include="..\..\..\source\main\scripting\ScriptEngine.cpp">
      <Filter>Gameplay</Filter>
    </ClCompile>
    <ClCompile Include="..\..\..\source\main\gameplay\Road2.cpp">
      <Filter>Gameplay</Filter>
    </ClCompile>
    <ClCompile Include="..\..\..\source\main\gameplay\Road.cpp">
      <Filter>Gameplay</Filter>
    </ClCompile>
    <ClCompile Include="..\..\..\source\main\gameplay\PositionStorage.cpp">
      <Filter>Gameplay</Filter>
    </ClCompile>
    <ClCompile Include="..\..\..\source\main\scripting\OgreScriptBuilder.cpp">
      <Filter>Gameplay</Filter>
    </ClCompile>
    <ClCompile Include="..\..\..\source\main\network\Network.cpp">
      <Filter>Gameplay</Filter>
    </ClCompile>
    <ClCompile Include="..\..\..\source\main\audio\MumbleIntegration.cpp">
      <Filter>Gameplay</Filter>
    </ClCompile>
    <ClCompile Include="..\..\..\source\main\gfx\hydrax\Module.cpp">
      <Filter>Gameplay</Filter>
    </ClCompile>
    <ClCompile Include="..\..\..\source\main\gameplay\LandVehicleSimulation.cpp">
      <Filter>Gameplay</Filter>
    </ClCompile>
    <ClCompile Include="..\..\..\source\main\gfx\hydrax\Help.cpp">
      <Filter>Utility</Filter>
    </ClCompile>
    <ClCompile Include="..\..\..\source\main\gui\imgui\imgui.cpp">
      <Filter>Lib\IMGUI</Filter>
    </ClCompile>
    <ClCompile Include="..\..\..\source\main\gui\imgui\imgui_demo.cpp">
      <Filter>Lib\IMGUI</Filter>
    </ClCompile>
    <ClCompile Include="..\..\..\source\main\gui\imgui\imgui_draw.cpp">
      <Filter>Lib\IMGUI</Filter>
    </ClCompile>
  </ItemGroup>
  <ItemGroup>
    <ClInclude Include="..\..\..\source\main\Application.h" />
    <ClInclude Include="..\..\..\source\main\ForwardDeclarations.h" />
    <ClInclude Include="..\..\..\source\main\GlobalEnvironment.h" />
    <ClInclude Include="..\..\..\source\main\MainMenu.h" />
    <ClInclude Include="..\..\..\source\main\RoRPrerequisites.h" />
    <ClInclude Include="..\..\..\source\main\datatypes\node_t.h" />
    <ClInclude Include="..\..\..\source\main\datatypes\shock_t.h" />
    <ClInclude Include="..\..\..\source\main\datatypes\wheel_t.h" />
    <ClInclude Include="..\..\..\source\main\gameplay\ChatSystem.h" />
    <ClInclude Include="..\..\..\source\main\gameplay\Landusemap.h" />
    <ClInclude Include="..\..\..\source\main\gameplay\OutProtocol.h" />
    <ClInclude Include="..\..\..\source\main\gameplay\Replay.h" />
    <ClInclude Include="..\..\..\source\main\gameplay\RoRFrameListener.h" />
    <ClInclude Include="..\..\..\source\main\gameplay\SceneMouse.h" />
    <ClInclude Include="..\..\..\source\main\gfx\AdvancedScreen.h" />
    <ClInclude Include="..\..\..\source\main\gfx\MovableText.h" />
    <ClInclude Include="..\..\..\source\main\gfx\OgreSubsystem.h" />
    <ClInclude Include="..\..\..\source\main\gfx\dof\Lens.h" />
    <ClInclude Include="..\..\..\source\main\gfx\hydrax\Hydrax.h" />
    <ClInclude Include="..\..\..\source\main\gfx\hydrax\Image.h" />
    <ClInclude Include="..\..\..\source\main\gfx\hydrax\Noise.h" />
    <ClInclude Include="..\..\..\source\main\gfx\hydrax\Perlin.h" />
    <ClInclude Include="..\..\..\source\main\gfx\hydrax\Prerequisites.h" />
    <ClInclude Include="..\..\..\source\main\gfx\hydrax\PressurePoint.h" />
    <ClInclude Include="..\..\..\source\main\gfx\hydrax\Real.h" />
    <ClInclude Include="..\..\..\source\main\gfx\hydrax\SimpleGrid.h" />
    <ClInclude Include="..\..\..\source\main\gui\OverlayWrapper.h" />
    <ClInclude Include="..\..\..\source\main\gui\imgui\OgreImGui.h" />
    <ClInclude Include="..\..\..\source\main\gui\imgui\stb_rect_pack.h" />
    <ClInclude Include="..\..\..\source\main\gui\imgui\stb_textedit.h" />
    <ClInclude Include="..\..\..\source\main\gui\imgui\stb_truetype.h" />
    <ClInclude Include="..\..\..\source\main\gui\mygui\Attribute.h" />
    <ClInclude Include="..\..\..\source\main\gui\mygui\WrapsAttribute.h" />
    <ClInclude Include="..\..\..\source\main\physics\RigSpawner.h" />
    <ClInclude Include="..\..\..\source\main\physics\SlideNode.h" />
    <ClInclude Include="..\..\..\source\main\physics\air\TurboJet.h" />
    <ClInclude Include="..\..\..\source\main\physics\air\TurboProp.h" />
    <ClInclude Include="..\..\..\source\main\physics\collision\PointColDetector.h" />
    <ClInclude Include="..\..\..\source\main\physics\collision\Triangle.h" />
    <ClInclude Include="..\..\..\source\main\physics\flex\Locator_t.h" />
    <ClInclude Include="..\..\..\source\main\physics\utils\RigLoadingProfiler.h" />
    <ClInclude Include="..\..\..\source\main\physics\water\ScrewProp.h" />
    <ClInclude Include="..\..\..\source\main\resources\CacheSystem.h" />
    <ClInclude Include="..\..\..\source\main\resources\rig_def_fileformat\RigDef_File.h" />
    <ClInclude Include="..\..\..\source\main\resources\rig_def_fileformat\RigDef_Node.h" />
    <ClInclude Include="..\..\..\source\main\resources\rig_def_fileformat\RigDef_Parser.h" />
    <ClInclude Include="..\..\..\source\main\resources\rig_def_fileformat\RigDef_Prerequisites.h" />
    <ClInclude Include="..\..\..\source\main\resources\rig_def_fileformat\RigDef_Regexes.h" />
    <ClInclude Include="..\..\..\source\main\resources\rig_def_fileformat\RigDef_SequentialImporter.h" />
    <ClInclude Include="..\..\..\source\main\resources\rig_def_fileformat\RigDef_Serializer.h" />
    <ClInclude Include="..\..\..\source\main\resources\rig_def_fileformat\RigDef_Validator.h" />
    <ClInclude Include="..\..\..\source\main\resources\terrn2_fileformat\Terrn2Fileformat.h" />
    <ClInclude Include="..\..\..\source\main\terrain\IHeightFinder.h" />
    <ClInclude Include="..\..\..\source\main\terrain\TerrainGeometryManager.h" />
    <ClInclude Include="..\..\..\source\main\terrain\TerrainManager.h" />
    <ClInclude Include="..\..\..\source\main\terrain\TerrainObjectManager.h" />
    <ClInclude Include="..\..\..\source\main\terrain\map\SurveyMapEntity.h" />
    <ClInclude Include="..\..\..\source\main\terrain\map\SurveyMapManager.h" />
    <ClInclude Include="..\..\..\source\main\threadpool\ThreadPool.h" />
    <ClInclude Include="..\..\..\source\main\utils\IBehavior.h" />
    <ClInclude Include="..\..\..\source\main\utils\ImprovedConfigFile.h" />
    <ClInclude Include="..\..\..\source\main\utils\InterThreadStoreVector.h" />
    <ClInclude Include="..\..\..\source\main\utils\Language.h" />
    <ClInclude Include="..\..\..\source\main\utils\PlatformUtils.h" />
    <ClInclude Include="..\..\..\source\main\utils\RoRWindowEventUtilities.h" />
    <ClInclude Include="..\..\..\source\main\utils\Settings.h" />
    <ClInclude Include="..\..\..\source\main\utils\SHA1.h" />
    <ClInclude Include="..\..\..\source\main\utils\SimpleGlob.h" />
    <ClInclude Include="..\..\..\source\main\utils\SimpleOpt.h" />
    <ClInclude Include="..\..\..\source\main\utils\Singleton.h" />
    <ClInclude Include="..\..\..\source\main\utils\Timer.h" />
    <ClInclude Include="..\..\..\source\main\utils\Utils.h" />
    <ClInclude Include="..\..\..\source\main\utils\WriteTextToTexture.h" />
    <ClInclude Include="..\..\..\source\main\utils\ZeroedMemoryAllocator.h" />
    <ClInclude Include="..\..\..\source\main\utils\profiler\Profiler.h" />
    <ClInclude Include="..\..\..\source\main\utils\profiler\RigLoadingProfilerControl.h" />
    <ClInclude Include="..\..\..\source\main\scripting\CBytecodeStream.h" />
    <ClInclude Include="..\..\..\source\main\scripting\GameScript.h" />
    <ClInclude Include="..\..\..\source\main\scripting\LocalStorage.h" />
    <ClInclude Include="..\..\..\source\main\scripting\OgreAngelscript.h" />
    <ClInclude Include="..\..\..\source\main\utils\Win32DirectInput.h">
      <Filter>Lib\OIS</Filter>
    </ClInclude>
    <ClInclude Include="..\..\..\source\main\gameplay\ois\win32\Win32ForceFeedback.h">
      <Filter>Lib\OIS</Filter>
    </ClInclude>
    <ClInclude Include="..\..\..\source\main\gameplay\ois\win32\Win32InputManager.h">
      <Filter>Lib\OIS</Filter>
    </ClInclude>
    <ClInclude Include="..\..\..\source\main\gameplay\ois\win32\Win32JoyStick.h">
      <Filter>Lib\OIS</Filter>
    </ClInclude>
    <ClInclude Include="..\..\..\source\main\gameplay\ois\win32\Win32KeyBoard.h">
      <Filter>Lib\OIS</Filter>
    </ClInclude>
    <ClInclude Include="..\..\..\source\main\gameplay\ois\win32\Win32Mouse.h">
      <Filter>Lib\OIS</Filter>
    </ClInclude>
    <ClInclude Include="..\..\..\source\main\gameplay\ois\win32\Win32Prereqs.h">
      <Filter>Lib\OIS</Filter>
    </ClInclude>
    <ClInclude Include="..\..\..\source\main\physics\air\AeroEngine.h">
      <Filter>Physics</Filter>
    </ClInclude>
    <ClInclude Include="..\..\..\source\main\physics\air\AirBrake.h">
      <Filter>Physics</Filter>
    </ClInclude>
    <ClInclude Include="..\..\..\source\main\physics\air\Airfoil.h">
      <Filter>Physics</Filter>
    </ClInclude>
    <ClInclude Include="..\..\..\source\main\physics\Beam.h">
      <Filter>Physics</Filter>
    </ClInclude>
    <ClInclude Include="..\..\..\source\main\datatypes\beam_t.h">
      <Filter>Physics</Filter>
    </ClInclude>
    <ClInclude Include="..\..\..\source\main\physics\BeamData.h">
      <Filter>Physics</Filter>
    </ClInclude>
    <ClInclude Include="..\..\..\source\main\physics\BeamFactory.h">
      <Filter>Physics</Filter>
    </ClInclude>
    <ClInclude Include="..\..\..\source\main\physics\utils\BeamStats.h">
      <Filter>Physics</Filter>
    </ClInclude>
    <ClInclude Include="..\..\..\source\main\physics\water\Buoyance.h">
      <Filter>Physics</Filter>
    </ClInclude>
    <ClInclude Include="..\..\..\source\main\physics\ApproxMath.h">
      <Filter>Physics</Filter>
    </ClInclude>
    <ClInclude Include="..\..\..\source\main\gameplay\ois\OIS.h">
      <Filter>Lib\OIS</Filter>
    </ClInclude>
    <ClInclude Include="..\..\..\source\main\gameplay\ois\OISConfig.h">
      <Filter>Lib\OIS</Filter>
    </ClInclude>
    <ClInclude Include="..\..\..\source\main\gameplay\ois\OISEffect.h">
      <Filter>Lib\OIS</Filter>
    </ClInclude>
    <ClInclude Include="..\..\..\source\main\gameplay\ois\OISEvents.h">
      <Filter>Lib\OIS</Filter>
    </ClInclude>
    <ClInclude Include="..\..\..\source\main\gameplay\ois\OISException.h">
      <Filter>Lib\OIS</Filter>
    </ClInclude>
    <ClInclude Include="..\..\..\source\main\gameplay\ois\OISFactoryCreator.h">
      <Filter>Lib\OIS</Filter>
    </ClInclude>
    <ClInclude Include="..\..\..\source\main\gameplay\ois\OISForceFeedback.h">
      <Filter>Lib\OIS</Filter>
    </ClInclude>
    <ClInclude Include="..\..\..\source\main\gameplay\ois\OISInputManager.h">
      <Filter>Lib\OIS</Filter>
    </ClInclude>
    <ClInclude Include="..\..\..\source\main\gameplay\ois\OISInterface.h">
      <Filter>Lib\OIS</Filter>
    </ClInclude>
    <ClInclude Include="..\..\..\source\main\gameplay\ois\OISJoyStick.h">
      <Filter>Lib\OIS</Filter>
    </ClInclude>
    <ClInclude Include="..\..\..\source\main\gameplay\ois\OISKeyboard.h">
      <Filter>Lib\OIS</Filter>
    </ClInclude>
    <ClInclude Include="..\..\..\source\main\gameplay\ois\OISMouse.h">
      <Filter>Lib\OIS</Filter>
    </ClInclude>
    <ClInclude Include="..\..\..\source\main\gameplay\ois\OISMultiTouch.h">
      <Filter>Lib\OIS</Filter>
    </ClInclude>
    <ClInclude Include="..\..\..\source\main\gameplay\ois\OISObject.h">
      <Filter>Lib\OIS</Filter>
    </ClInclude>
    <ClInclude Include="..\..\..\source\main\gameplay\ois\OISPrereqs.h">
      <Filter>Lib\OIS</Filter>
    </ClInclude>
    <ClInclude Include="..\..\..\source\main\gfx\camera\CameraBehaviorFixed.h">
      <Filter>Gfx</Filter>
    </ClInclude>
    <ClInclude Include="..\..\..\source\main\gfx\camera\CameraBehaviorFree.h">
      <Filter>Gfx</Filter>
    </ClInclude>
    <ClInclude Include="..\..\..\source\main\gfx\camera\CameraBehaviorCharacter.h">
      <Filter>Gfx</Filter>
    </ClInclude>
    <ClInclude Include="..\..\..\source\main\gfx\camera\CameraBehaviorIsometric.h">
      <Filter>Gfx</Filter>
    </ClInclude>
    <ClInclude Include="..\..\..\source\main\gfx\camera\CameraBehaviorOrbit.h">
      <Filter>Gfx</Filter>
    </ClInclude>
    <ClInclude Include="..\..\..\source\main\gfx\camera\CameraBehaviorStatic.h">
      <Filter>Gfx</Filter>
    </ClInclude>
    <ClInclude Include="..\..\..\source\main\gfx\camera\CameraBehaviorVehicle.h">
      <Filter>Gfx</Filter>
    </ClInclude>
    <ClInclude Include="..\..\..\source\main\gfx\camera\CameraBehaviorVehicleCineCam.h">
      <Filter>Gfx</Filter>
    </ClInclude>
    <ClInclude Include="..\..\..\source\main\gfx\camera\CameraBehaviorVehicleSpline.h">
      <Filter>Gfx</Filter>
    </ClInclude>
    <ClInclude Include="..\..\..\source\main\gfx\camera\CameraManager.h">
      <Filter>Gfx</Filter>
    </ClInclude>
    <ClInclude Include="..\..\..\source\main\gfx\DecalManager.h">
      <Filter>Gfx</Filter>
    </ClInclude>
    <ClInclude Include="..\..\..\source\main\gfx\hydrax\DecalsManager.h">
      <Filter>Gfx</Filter>
    </ClInclude>
    <ClInclude Include="..\..\..\source\main\gfx\ColoredTextAreaOverlayElement.h">
      <Filter>Gfx</Filter>
    </ClInclude>
    <ClInclude Include="..\..\..\source\main\gfx\ColoredTextAreaOverlayElementFactory.h">
      <Filter>Gfx</Filter>
    </ClInclude>
    <ClInclude Include="..\..\..\source\main\gfx\dof\DepthOfFieldEffect.h">
      <Filter>Gfx</Filter>
    </ClInclude>
    <ClInclude Include="..\..\..\source\main\physics\flex\FlexAirfoil.h">
      <Filter>Gfx</Filter>
    </ClInclude>
    <ClInclude Include="..\..\..\source\main\physics\flex\FlexBody.h">
      <Filter>Gfx</Filter>
    </ClInclude>
    <ClInclude Include="..\..\..\source\main\physics\flex\FlexFactory.h">
      <Filter>Gfx</Filter>
    </ClInclude>
    <ClInclude Include="..\..\..\source\main\physics\flex\FlexMesh.h">
      <Filter>Gfx</Filter>
    </ClInclude>
    <ClInclude Include="..\..\..\source\main\physics\flex\FlexMeshWheel.h">
      <Filter>Gfx</Filter>
    </ClInclude>
    <ClInclude Include="..\..\..\source\main\physics\flex\FlexObj.h">
      <Filter>Gfx</Filter>
    </ClInclude>
    <ClInclude Include="..\..\..\source\main\gui\Dashboard.h">
      <Filter>Gfx</Filter>
    </ClInclude>
    <ClInclude Include="..\..\..\source\main\gui\DashBoardManager.h">
      <Filter>Gfx</Filter>
    </ClInclude>
    <ClInclude Include="..\..\..\source\main\gfx\DustManager.h">
      <Filter>Gfx</Filter>
    </ClInclude>
    <ClInclude Include="..\..\..\source\main\gfx\DustPool.h">
      <Filter>Gfx</Filter>
    </ClInclude>
    <ClInclude Include="..\..\..\source\main\gfx\DynamicRenderable.h">
      <Filter>Gfx</Filter>
    </ClInclude>
    <ClInclude Include="..\..\..\source\main\gfx\DynamicLines.h">
      <Filter>Gfx</Filter>
    </ClInclude>
    <ClInclude Include="..\..\..\source\main\gfx\EnvironmentMap.h">
      <Filter>Gfx</Filter>
    </ClInclude>
    <ClInclude Include="..\..\..\source\main\gui\panels\GUI_DebugOptions.h">
      <Filter>GUI</Filter>
    </ClInclude>
    <ClInclude Include="..\..\..\source\main\gui\panels\GUI_DebugOptionsLayout.h">
      <Filter>GUI</Filter>
    </ClInclude>
    <ClInclude Include="..\..\..\source\main\gui\panels\GUI_FrictionSettings.h">
      <Filter>GUI</Filter>
    </ClInclude>
    <ClInclude Include="..\..\..\source\main\gui\panels\GUI_GameAbout.h">
      <Filter>GUI</Filter>
    </ClInclude>
    <ClInclude Include="..\..\..\source\main\gui\panels\GUI_GameAboutLayout.h">
      <Filter>GUI</Filter>
    </ClInclude>
    <ClInclude Include="..\..\..\source\main\gui\panels\GUI_GameConsole.h">
      <Filter>GUI</Filter>
    </ClInclude>
    <ClInclude Include="..\..\..\source\main\gui\panels\GUI_GameConsoleLayout.h">
      <Filter>GUI</Filter>
    </ClInclude>
    <ClInclude Include="..\..\..\source\main\gui\panels\GUI_GameChatBox.h">
      <Filter>GUI</Filter>
    </ClInclude>
    <ClInclude Include="..\..\..\source\main\gui\panels\GUI_GameChatBoxLayout.h">
      <Filter>GUI</Filter>
    </ClInclude>
    <ClInclude Include="..\..\..\source\main\gui\panels\GUI_GameMainMenu.h">
      <Filter>GUI</Filter>
    </ClInclude>
    <ClInclude Include="..\..\..\source\main\gui\panels\GUI_GamePauseMenu.h">
      <Filter>GUI</Filter>
    </ClInclude>
    <ClInclude Include="..\..\..\source\main\gui\panels\GUI_LoadingWindow.h">
      <Filter>GUI</Filter>
    </ClInclude>
    <ClInclude Include="..\..\..\source\main\gui\panels\GUI_MainSelector.h">
      <Filter>GUI</Filter>
    </ClInclude>
    <ClInclude Include="..\..\..\source\main\gui\panels\GUI_MainSelectorLayout.h">
      <Filter>GUI</Filter>
    </ClInclude>
    <ClInclude Include="..\..\..\source\main\gui\panels\GUI_MessageBox.h">
      <Filter>GUI</Filter>
    </ClInclude>
    <ClInclude Include="..\..\..\source\main\gui\panels\GUI_MessageBoxLayout.h">
      <Filter>GUI</Filter>
    </ClInclude>
    <ClInclude Include="..\..\..\source\main\gui\panels\GUI_MultiplayerClientList.h">
      <Filter>GUI</Filter>
    </ClInclude>
    <ClInclude Include="..\..\..\source\main\gui\panels\GUI_MultiplayerSelector.h">
      <Filter>GUI</Filter>
    </ClInclude>
    <ClInclude Include="..\..\..\source\main\gui\panels\GUI_MultiplayerSelectorLayout.h">
      <Filter>GUI</Filter>
    </ClInclude>
    <ClInclude Include="..\..\..\source\main\gui\panels\GUI_OpenSaveFileDialog.h">
      <Filter>GUI</Filter>
    </ClInclude>
    <ClInclude Include="..\..\..\source\main\gui\panels\GUI_RigSpawnerReportWindow.h">
      <Filter>GUI</Filter>
    </ClInclude>
    <ClInclude Include="..\..\..\source\main\gui\panels\GUI_RigSpawnerReportWindowLayout.h">
      <Filter>GUI</Filter>
    </ClInclude>
    <ClInclude Include="..\..\..\source\main\gui\panels\GUI_SimUtils.h">
      <Filter>GUI</Filter>
    </ClInclude>
    <ClInclude Include="..\..\..\source\main\gui\panels\GUI_SimUtilsLayout.h">
      <Filter>GUI</Filter>
    </ClInclude>
    <ClInclude Include="..\..\..\source\main\gui\panels\GUI_TeleportWindow.h">
      <Filter>GUI</Filter>
    </ClInclude>
    <ClInclude Include="..\..\..\source\main\gui\panels\GUI_TeleportWindowLayout.h">
      <Filter>GUI</Filter>
    </ClInclude>
    <ClInclude Include="..\..\..\source\main\gui\panels\GUI_TextureToolWindow.h">
      <Filter>GUI</Filter>
    </ClInclude>
    <ClInclude Include="..\..\..\source\main\gui\panels\GUI_TopMenubar.h">
      <Filter>GUI</Filter>
    </ClInclude>
    <ClInclude Include="..\..\..\source\main\gui\panels\GUI_VehicleDescription.h">
      <Filter>GUI</Filter>
    </ClInclude>
    <ClInclude Include="..\..\..\source\main\gui\panels\GUI_VehicleDescriptionLayout.h">
      <Filter>GUI</Filter>
    </ClInclude>
    <ClInclude Include="..\..\..\source\main\gui\GUIInputManager.h">
      <Filter>GUI</Filter>
    </ClInclude>
    <ClInclude Include="..\..\..\source\main\gui\GUIManager.h">
      <Filter>GUI</Filter>
    </ClInclude>
    <ClInclude Include="..\..\..\source\main\gui\mygui\GuiPanelBase.h">
      <Filter>GUI</Filter>
    </ClInclude>
    <ClInclude Include="..\..\..\source\main\gui\mygui\Dialog.h">
      <Filter>GUI</Filter>
    </ClInclude>
    <ClInclude Include="..\..\..\source\main\utils\InputEngine.h">
      <Filter>Input</Filter>
    </ClInclude>
    <ClInclude Include="..\..\..\source\main\datatypes\rig_t.h">
      <Filter>Physics</Filter>
    </ClInclude>
    <ClInclude Include="..\..\..\source\main\gfx\particle\ExtinguishableFireAffector.h">
      <Filter>Gfx</Filter>
    </ClInclude>
    <ClInclude Include="..\..\..\source\main\gfx\particle\ExtinguishableFireAffectorFactory.h">
      <Filter>Gfx</Filter>
    </ClInclude>
    <ClInclude Include="..\..\..\source\main\physics\collision\CartesianToTriangleTransform.h">
      <Filter>Physics</Filter>
    </ClInclude>
    <ClInclude Include="..\..\..\source\main\gameplay\BeamEngine.h">
      <Filter>Gameplay</Filter>
    </ClInclude>
    <ClInclude Include="..\..\..\source\main\gameplay\AutoPilot.h">
      <Filter>Gameplay</Filter>
    </ClInclude>
    <ClInclude Include="..\..\..\source\main\physics\collision\Collisions.h">
      <Filter>Physics</Filter>
    </ClInclude>
    <ClInclude Include="..\..\..\source\main\gameplay\AircraftSimulation.h">
      <Filter>Gameplay</Filter>
    </ClInclude>
    <ClInclude Include="..\..\..\source\main\gfx\hydrax\GPUNormalMapManager.h">
      <Filter>Gfx</Filter>
    </ClInclude>
    <ClInclude Include="..\..\..\source\main\gfx\hydrax\GodRaysManager.h">
      <Filter>Gfx</Filter>
    </ClInclude>
    <ClInclude Include="..\..\..\source\main\gfx\GlowMaterialListener.h">
      <Filter>Gfx</Filter>
    </ClInclude>
    <ClInclude Include="..\..\..\source\main\gfx\GfxActor.h">
      <Filter>Gfx</Filter>
    </ClInclude>
    <ClInclude Include="..\..\..\source\main\physics\flex\Flexable.h">
      <Filter>Gfx</Filter>
    </ClInclude>
    <ClInclude Include="..\..\..\source\main\gfx\particle\FireExtinguisherAffectorFactory.h">
      <Filter>Gfx</Filter>
    </ClInclude>
    <ClInclude Include="..\..\..\source\main\gfx\particle\FireExtinguisherAffector.h">
      <Filter>Gfx</Filter>
    </ClInclude>
    <ClInclude Include="..\..\..\source\main\gfx\hydrax\FFT.h">
      <Filter>Gfx</Filter>
    </ClInclude>
    <ClInclude Include="..\..\..\source\main\gfx\Heathaze.h">
      <Filter>Gfx</Filter>
    </ClInclude>
    <ClInclude Include="..\..\..\source\main\gfx\HDRListener.h">
      <Filter>Gfx</Filter>
    </ClInclude>
    <ClInclude Include="..\..\..\source\main\gfx\HydraxWater.h">
      <Filter>Gfx</Filter>
    </ClInclude>
    <ClInclude Include="..\..\..\source\main\gfx\IWater.h">
      <Filter>Gfx</Filter>
    </ClInclude>
    <ClInclude Include="..\..\..\source\main\gfx\hydrax\MaterialManager.h">
      <Filter>Gfx</Filter>
    </ClInclude>
    <ClInclude Include="..\..\..\source\main\gfx\hydrax\Mesh.h">
      <Filter>Gfx</Filter>
    </ClInclude>
    <ClInclude Include="..\..\..\source\main\utils\MeshObject.h">
      <Filter>Gfx</Filter>
    </ClInclude>
    <ClInclude Include="..\..\..\source\main\terrain\OgreTerrainPSSMMaterialGenerator.h">
      <Filter>Gfx</Filter>
    </ClInclude>
    <ClInclude Include="..\..\..\source\main\gfx\particle\OgreShaderParticleRenderer.h">
      <Filter>Gfx</Filter>
    </ClInclude>
    <ClInclude Include="..\..\..\source\main\gfx\particle\OgreParticleCustomParam.h">
      <Filter>Gfx</Filter>
    </ClInclude>
    <ClInclude Include="..\..\..\source\main\gfx\camera\PerVehicleCameraContext.h">
      <Filter>Gfx</Filter>
    </ClInclude>
    <ClInclude Include="..\..\..\source\main\gameplay\ProceduralManager.h">
      <Filter>Gfx</Filter>
    </ClInclude>
    <ClInclude Include="..\..\..\source\main\gfx\hydrax\ProjectedGrid.h">
      <Filter>Gfx</Filter>
    </ClInclude>
    <ClInclude Include="..\..\..\source\main\gfx\hydrax\RadialGrid.h">
      <Filter>Gfx</Filter>
    </ClInclude>
    <ClInclude Include="..\..\..\source\main\gfx\hydrax\RttManager.h">
      <Filter>Gfx</Filter>
    </ClInclude>
    <ClInclude Include="..\..\..\source\main\gui\RTTLayer.h">
      <Filter>Gfx</Filter>
    </ClInclude>
    <ClInclude Include="..\..\..\source\main\gfx\Skidmark.h">
      <Filter>Gfx</Filter>
    </ClInclude>
    <ClInclude Include="..\..\..\source\main\gfx\SkyManager.h">
      <Filter>Gfx</Filter>
    </ClInclude>
    <ClInclude Include="..\..\..\source\main\gameplay\SkinManager.h">
      <Filter>Gfx</Filter>
    </ClInclude>
    <ClInclude Include="..\..\..\source\main\gfx\ShadowManager.h">
      <Filter>Gfx</Filter>
    </ClInclude>
    <ClInclude Include="..\..\..\source\main\terrain\map\SurveyMapTextureCreator.h">
      <Filter>Gfx</Filter>
    </ClInclude>
    <ClInclude Include="..\..\..\source\main\gfx\hydrax\TextureManager.h">
      <Filter>Gfx</Filter>
    </ClInclude>
    <ClInclude Include="..\..\..\source\main\gfx\Water.h">
      <Filter>Gfx</Filter>
    </ClInclude>
    <ClInclude Include="..\..\..\source\main\gfx\hydrax\Wave.h">
      <Filter>Gfx</Filter>
    </ClInclude>
    <ClInclude Include="..\..\..\source\main\physics\collision\DynamicCollisions.h">
      <Filter>Physics</Filter>
    </ClInclude>
    <ClInclude Include="..\..\..\source\main\physics\Differentials.h">
      <Filter>Gameplay</Filter>
    </ClInclude>
    <ClInclude Include="..\..\..\source\main\utils\ForceFeedback.h">
      <Filter>MotionSim</Filter>
    </ClInclude>
    <ClInclude Include="..\..\..\source\main\physics\MotionPlatform.h">
      <Filter>MotionSim</Filter>
    </ClInclude>
    <ClInclude Include="..\..\..\source\main\gui\NodeGraphTool.h">
      <Filter>MotionSim</Filter>
    </ClInclude>
    <ClInclude Include="..\..\..\source\main\utils\CollisionTools.h">
      <Filter>Physics</Filter>
    </ClInclude>
    <ClInclude Include="..\..\..\source\main\resources\ContentManager.h">
      <Filter>Utility</Filter>
    </ClInclude>
    <ClInclude Include="..\..\..\source\main\physics\CmdKeyInertia.h">
      <Filter>Physics</Filter>
    </ClInclude>
    <ClInclude Include="..\..\..\source\main\gfx\hydrax\CfgFileManager.h">
      <Filter>Utility</Filter>
    </ClInclude>
    <ClInclude Include="..\..\..\source\main\utils\ConfigFile.h">
      <Filter>Utility</Filter>
    </ClInclude>
    <ClInclude Include="..\..\..\source\main\gfx\hydrax\Enums.h">
      <Filter>Utility</Filter>
    </ClInclude>
    <ClInclude Include="..\..\..\source\main\utils\ErrorUtils.h">
      <Filter>Utility</Filter>
    </ClInclude>
    <ClInclude Include="..\..\..\source\main\utils\FileSystemInfo.h">
      <Filter>Utility</Filter>
    </ClInclude>
    <ClInclude Include="..\..\..\source\main\gui\mygui\BaseLayout.h">
      <Filter>GUI</Filter>
    </ClInclude>
    <ClInclude Include="..\..\..\source\main\gameplay\Character.h">
      <Filter>Gameplay</Filter>
    </ClInclude>
    <ClInclude Include="..\..\..\source\main\gameplay\CharacterFactory.h">
      <Filter>Gameplay</Filter>
    </ClInclude>
    <ClInclude Include="..\..\..\source\main\gameplay\VehicleAI.h">
      <Filter>Gameplay</Filter>
    </ClInclude>
    <ClInclude Include="..\..\..\source\main\gameplay\TorqueCurve.h">
      <Filter>Gameplay</Filter>
    </ClInclude>
    <ClInclude Include="..\..\..\source\main\audio\SoundScriptManager.h">
      <Filter>Gameplay</Filter>
    </ClInclude>
    <ClInclude Include="..\..\..\source\main\audio\SoundManager.h">
      <Filter>Gameplay</Filter>
    </ClInclude>
    <ClInclude Include="..\..\..\source\main\audio\Sound.h">
      <Filter>Gameplay</Filter>
    </ClInclude>
    <ClInclude Include="..\..\..\source\main\gameplay\ScriptEvents.h">
      <Filter>Gameplay</Filter>
    </ClInclude>
    <ClInclude Include="..\..\..\source\main\scripting\ScriptEngine.h">
      <Filter>Gameplay</Filter>
    </ClInclude>
    <ClInclude Include="..\..\..\source\main\gameplay\Scripting.h">
      <Filter>Gameplay</Filter>
    </ClInclude>
    <ClInclude Include="..\..\..\source\main\gameplay\Road2.h">
      <Filter>Gameplay</Filter>
    </ClInclude>
    <ClInclude Include="..\..\..\source\main\gameplay\Road.h">
      <Filter>Gameplay</Filter>
    </ClInclude>
    <ClInclude Include="..\..\..\source\main\gameplay\PositionStorage.h">
      <Filter>Gameplay</Filter>
    </ClInclude>
    <ClInclude Include="..\..\..\source\main\scripting\OgreScriptBuilder.h">
      <Filter>Gameplay</Filter>
    </ClInclude>
    <ClInclude Include="..\..\..\source\main\network\Network.h">
      <Filter>Gameplay</Filter>
    </ClInclude>
    <ClInclude Include="..\..\..\source\main\audio\MumbleIntegration.h">
      <Filter>Gameplay</Filter>
    </ClInclude>
    <ClInclude Include="..\..\..\source\main\gfx\hydrax\Module.h">
      <Filter>Gameplay</Filter>
    </ClInclude>
    <ClInclude Include="..\..\..\source\main\gameplay\LandVehicleSimulation.h">
      <Filter>Gameplay</Filter>
    </ClInclude>
    <ClInclude Include="..\..\..\source\main\gfx\hydrax\Help.h">
      <Filter>Utility</Filter>
    </ClInclude>
    <ClInclude Include="..\..\..\source\main\gui\imgui\imconfig.h">
      <Filter>Lib\IMGUI</Filter>
    </ClInclude>
    <ClInclude Include="..\..\..\source\main\gui\imgui\imgui.h">
      <Filter>Lib\IMGUI</Filter>
    </ClInclude>
    <ClInclude Include="..\..\..\source\main\gui\imgui\imgui_internal.h">
      <Filter>Lib\IMGUI</Filter>
    </ClInclude>
  </ItemGroup>
  <ItemGroup>
    <ResourceCompile Include="..\..\..\source\main\icon.rc" />
  </ItemGroup>
  <ItemGroup>
    <Filter Include="Physics">
      <UniqueIdentifier>{3190c032-814a-4915-9712-0e6357e85ea1}</UniqueIdentifier>
    </Filter>
    <Filter Include="Input">
      <UniqueIdentifier>{2f6213b1-5cdb-49f0-8c51-ca25d7f7ace3}</UniqueIdentifier>
    </Filter>
    <Filter Include="Gfx">
      <UniqueIdentifier>{6a59bd0a-d453-4f6e-a660-9935465b2b4a}</UniqueIdentifier>
    </Filter>
    <Filter Include="GUI">
      <UniqueIdentifier>{1809cfc0-3707-4ec8-bc51-44c3dc5d85fb}</UniqueIdentifier>
    </Filter>
    <Filter Include="MotionSim">
      <UniqueIdentifier>{76fd06b3-678a-4ba5-b8d9-3c00087d68b0}</UniqueIdentifier>
    </Filter>
    <Filter Include="Gameplay">
      <UniqueIdentifier>{53a35269-acac-443a-b353-fc5796ecd8fc}</UniqueIdentifier>
    </Filter>
    <Filter Include="Utility">
      <UniqueIdentifier>{ee411712-7157-4c6f-b0da-212d754b8c14}</UniqueIdentifier>
    </Filter>
    <Filter Include="Lib">
      <UniqueIdentifier>{3cc77539-85ef-4cf5-a2b6-ef137b9a3f74}</UniqueIdentifier>
    </Filter>
    <Filter Include="Lib\IMGUI">
      <UniqueIdentifier>{4c98b58f-f476-4a30-ad23-d7c5b6ebc1c3}</UniqueIdentifier>
    </Filter>
    <Filter Include="Lib\OIS">
      <UniqueIdentifier>{af9f642a-856c-4ee6-81d9-c0eb298e11ee}</UniqueIdentifier>
    </Filter>
    <Filter Include="Resources">
      <UniqueIdentifier>{11fdeb68-579b-454c-8ed5-deec9852d07b}</UniqueIdentifier>
    </Filter>
  </ItemGroup>
</Project>